
Microsoft Visual Studio Solution File, Format Version 12.00
# Visual Studio 2012
Project("{2150E333-8FDC-42A3-9474-1A3956D46DE8}") = "Redis", "Redis", "{E14FDCC6-3665-4281-907F-422A6DBC71C9}"
EndProject
Project("{FAE04EC0-301F-11D3-BF4B-00C04F79EFBC}") = "RedisTest", "Redis\RedisTest\RedisTest.csproj", "{1F01A244-391E-4B81-BA42-0C70DFC18E6A}"
EndProject
Global
	GlobalSection(SolutionConfigurationPlatforms) = preSolution
		Debug|Any CPU = Debug|Any CPU
		Release|Any CPU = Release|Any CPU
	EndGlobalSection
	GlobalSection(ProjectConfigurationPlatforms) = postSolution
		{1F01A244-391E-4B81-BA42-0C70DFC18E6A}.Debug|Any CPU.ActiveCfg = Debug|Any CPU
		{1F01A244-391E-4B81-BA42-0C70DFC18E6A}.Debug|Any CPU.Build.0 = Debug|Any CPU
		{1F01A244-391E-4B81-BA42-0C70DFC18E6A}.Release|Any CPU.ActiveCfg = Release|Any CPU
		{1F01A244-391E-4B81-BA42-0C70DFC18E6A}.Release|Any CPU.Build.0 = Release|Any CPU
	EndGlobalSection
	GlobalSection(SolutionProperties) = preSolution
		HideSolutionNode = FALSE
	EndGlobalSection
	GlobalSection(NestedProjects) = preSolution
		{1F01A244-391E-4B81-BA42-0C70DFC18E6A} = {E14FDCC6-3665-4281-907F-422A6DBC71C9}
	EndGlobalSection
EndGlobal
